
Microsoft Visual Studio Solution File, Format Version 12.00
# Visual Studio Version 16
VisualStudioVersion = 16.0.30717.126
MinimumVisualStudioVersion = 10.0.40219.1
Project("{FAE04EC0-301F-11D3-BF4B-00C04F79EFBC}") = "Delegates", "Delegates\Delegates.csproj", "{2752B5A0-619D-4947-B1D4-D6E8EDA189F6}"
EndProject
Global
	GlobalSection(SolutionConfigurationPlatforms) = preSolution
		Debug|Any CPU = Debug|Any CPU
		Release|Any CPU = Release|Any CPU
	EndGlobalSection
	GlobalSection(ProjectConfigurationPlatforms) = postSolution
		{2752B5A0-619D-4947-B1D4-D6E8EDA189F6}.Debug|Any CPU.ActiveCfg = Debug|Any CPU
		{2752B5A0-619D-4947-B1D4-D6E8EDA189F6}.Debug|Any CPU.Build.0 = Debug|Any CPU
		{2752B5A0-619D-4947-B1D4-D6E8EDA189F6}.Release|Any CPU.ActiveCfg = Release|Any CPU
		{2752B5A0-619D-4947-B1D4-D6E8EDA189F6}.Release|Any CPU.Build.0 = Release|Any CPU
	EndGlobalSection
	GlobalSection(SolutionProperties) = preSolution
		HideSolutionNode = FALSE
	EndGlobalSection
	GlobalSection(ExtensibilityGlobals) = postSolution
		SolutionGuid = {484E7BA8-43F4-441B-B92A-6F32C86B6A71}
	EndGlobalSection
EndGlobal
